
Microsoft Visual Studio Solution File, Format Version 12.00
# Visual Studio Version 16
VisualStudioVersion = 16.0.30717.126
MinimumVisualStudioVersion = 10.0.40219.1
Project("{FAE04EC0-301F-11D3-BF4B-00C04F79EFBC}") = "Practicecodes", "Practicecodes\Practicecodes.csproj", "{C924DC8F-EDF8-4C1C-845E-5BD0C8BAB00E}"
EndProject
Global
	GlobalSection(SolutionConfigurationPlatforms) = preSolution
		Debug|Any CPU = Debug|Any CPU
		Release|Any CPU = Release|Any CPU
	EndGlobalSection
	GlobalSection(ProjectConfigurationPlatforms) = postSolution
		{C924DC8F-EDF8-4C1C-845E-5BD0C8BAB00E}.Debug|Any CPU.ActiveCfg = Debug|Any CPU
		{C924DC8F-EDF8-4C1C-845E-5BD0C8BAB00E}.Debug|Any CPU.Build.0 = Debug|Any CPU
		{C924DC8F-EDF8-4C1C-845E-5BD0C8BAB00E}.Release|Any CPU.ActiveCfg = Release|Any CPU
		{C924DC8F-EDF8-4C1C-845E-5BD0C8BAB00E}.Release|Any CPU.Build.0 = Release|Any CPU
	EndGlobalSection
	GlobalSection(SolutionProperties) = preSolution
		HideSolutionNode = FALSE
	EndGlobalSection
	GlobalSection(ExtensibilityGlobals) = postSolution
		SolutionGuid = {B4D5F64B-E8E9-409E-9DA5-DA2F54F3A4DB}
	EndGlobalSection
EndGlobal
